
Microsoft Visual Studio Solution File, Format Version 12.00
# Visual Studio Version 16
VisualStudioVersion = 16.0.30621.155
MinimumVisualStudioVersion = 10.0.40219.1
Project("{FAE04EC0-301F-11D3-BF4B-00C04F79EFBC}") = "PontoVirgulaApi", "PontoVirgulaApi\PontoVirgulaApi.csproj", "{09970C44-D5AE-44AB-85CB-09A7976D76F7}"
EndProject
Global
	GlobalSection(SolutionConfigurationPlatforms) = preSolution
		Debug|Any CPU = Debug|Any CPU
		Release|Any CPU = Release|Any CPU
	EndGlobalSection
	GlobalSection(ProjectConfigurationPlatforms) = postSolution
		{09970C44-D5AE-44AB-85CB-09A7976D76F7}.Debug|Any CPU.ActiveCfg = Debug|Any CPU
		{09970C44-D5AE-44AB-85CB-09A7976D76F7}.Debug|Any CPU.Build.0 = Debug|Any CPU
		{09970C44-D5AE-44AB-85CB-09A7976D76F7}.Release|Any CPU.ActiveCfg = Release|Any CPU
		{09970C44-D5AE-44AB-85CB-09A7976D76F7}.Release|Any CPU.Build.0 = Release|Any CPU
	EndGlobalSection
	GlobalSection(SolutionProperties) = preSolution
		HideSolutionNode = FALSE
	EndGlobalSection
	GlobalSection(ExtensibilityGlobals) = postSolution
		SolutionGuid = {762103B9-671E-4A7F-818D-4FF68EF49D79}
	EndGlobalSection
EndGlobal
